
Microsoft Visual Studio Solution File, Format Version 12.00
# Visual Studio Version 17
VisualStudioVersion = 17.5.33516.290
MinimumVisualStudioVersion = 10.0.40219.1
Project("{FAE04EC0-301F-11D3-BF4B-00C04F79EFBC}") = "TaskThree", "TaskThree\TaskThree.csproj", "{3F7E83DE-0EED-43D7-90E8-87CC4E3C2B3A}"
EndProject
Global
	GlobalSection(SolutionConfigurationPlatforms) = preSolution
		Debug|Any CPU = Debug|Any CPU
		Release|Any CPU = Release|Any CPU
	EndGlobalSection
	GlobalSection(ProjectConfigurationPlatforms) = postSolution
		{3F7E83DE-0EED-43D7-90E8-87CC4E3C2B3A}.Debug|Any CPU.ActiveCfg = Debug|Any CPU
		{3F7E83DE-0EED-43D7-90E8-87CC4E3C2B3A}.Debug|Any CPU.Build.0 = Debug|Any CPU
		{3F7E83DE-0EED-43D7-90E8-87CC4E3C2B3A}.Release|Any CPU.ActiveCfg = Release|Any CPU
		{3F7E83DE-0EED-43D7-90E8-87CC4E3C2B3A}.Release|Any CPU.Build.0 = Release|Any CPU
	EndGlobalSection
	GlobalSection(SolutionProperties) = preSolution
		HideSolutionNode = FALSE
	EndGlobalSection
	GlobalSection(ExtensibilityGlobals) = postSolution
		SolutionGuid = {8D8C9068-DE8E-4EF1-8D72-610BE38D56E7}
	EndGlobalSection
EndGlobal
